<Solution>
  <Configurations>
    <Platform Name="Any CPU" />
    <Platform Name="x86" />
  </Configurations>
  <Folder Name="/Solution Items/">
    <File Path=".editorconfig" />
  </Folder>
  <Project Path="ProjectZ.csproj" />
  <Properties Name="Performance">
    <Property Name="HasPerformanceSessions" Value="true" />
  </Properties>
</Solution>
